{
  "name": "@thezelijah/majik-blob",
  "version": "1.0.3",
  "lockfileVersion": 3,
  "requires": true,
  "packages": {
    "": {
      "name": "@thezelijah/majik-blob",
      "version": "1.0.3",
      "license": "ISC",
      "dependencies": {
        "@bokuweb/zstd-wasm": "^0.0.27",
        "@stablelib/aes": "^2.0.1",
        "@stablelib/gcm": "^2.0.1",
        "@stablelib/random": "^2.0.1",
        "crypto-js": "^4.2.0",
        "nanoid": "^5.1.6"
      },
      "devDependencies": {
        "@types/crypto-js": "^4.2.2",
        "@types/node": "^25.0.2",
        "typescript": "^5.9.3"
      }
    },
    "node_modules/@bokuweb/zstd-wasm": {
      "version": "0.0.27",
      "resolved": "https://registry.npmjs.org/@bokuweb/zstd-wasm/-/zstd-wasm-0.0.27.tgz",
      "integrity": "sha512-GDm2uOTK3ESjnYmSeLQifJnBsRCWajKLvN32D2ZcQaaCIJI/Hse9s74f7APXjHit95S10UImsRGkTsbwHmrtmg==",
      "license": "MIT"
    },
    "node_modules/@stablelib/aead": {
      "version": "2.0.0",
      "resolved": "https://registry.npmjs.org/@stablelib/aead/-/aead-2.0.0.tgz",
      "integrity": "sha512-U/RMANRxbT/ahIpYsPSiFwDFNjADHdnCFfmo09MO1ai2XmerPAOPtMl0qmX7XVvygnACC6ijKDyHBoT2rGyElg==",
      "license": "MIT"
    },
    "node_modules/@stablelib/aes": {
      "version": "2.0.1",
      "resolved": "https://registry.npmjs.org/@stablelib/aes/-/aes-2.0.1.tgz",
      "integrity": "sha512-LpDuPe9Cr/IXXJaCHDCAITtVa7uLV6P+Cs3V8lZw87sElX7eOLk1OHTSzzvWagTJf++O+o3EISawHh1uzyi4qw==",
      "license": "MIT",
      "dependencies": {
        "@stablelib/binary": "^2.0.1",
        "@stablelib/blockcipher": "^2.0.0",
        "@stablelib/wipe": "^2.0.1"
      }
    },
    "node_modules/@stablelib/binary": {
      "version": "2.0.1",
      "resolved": "https://registry.npmjs.org/@stablelib/binary/-/binary-2.0.1.tgz",
      "integrity": "sha512-U9iAO8lXgEDONsA0zPPSgcf3HUBNAqHiJmSHgZz62OvC3Hi2Bhc5kTnQ3S1/L+sthDTHtCMhcEiklmIly6uQ3w==",
      "license": "MIT",
      "dependencies": {
        "@stablelib/int": "^2.0.1"
      }
    },
    "node_modules/@stablelib/blockcipher": {
      "version": "2.0.0",
      "resolved": "https://registry.npmjs.org/@stablelib/blockcipher/-/blockcipher-2.0.0.tgz",
      "integrity": "sha512-c0iMTah5a5KxeqVyf6ejpaRkYanODvGaQn8wgvLLAnY23fHZMjhR6ycQVvasW2nIzAmc+faetpRORJqAfaE/yw==",
      "license": "MIT"
    },
    "node_modules/@stablelib/constant-time": {
      "version": "2.0.1",
      "resolved": "https://registry.npmjs.org/@stablelib/constant-time/-/constant-time-2.0.1.tgz",
      "integrity": "sha512-0NWPogffRm+UWBH0+iM5otZmNrVe5OHFIvyoNIVankMAYOQzMwcdVALOVPrB5Ho0dST+Oc3H8/hPh65Z8R/uew==",
      "license": "MIT"
    },
    "node_modules/@stablelib/ctr": {
      "version": "2.0.1",
      "resolved": "https://registry.npmjs.org/@stablelib/ctr/-/ctr-2.0.1.tgz",
      "integrity": "sha512-lV5klc4348B21/kw2O88RivMDFCryaprHtzxk6wk+eS3X2ZiPDzKpsKCSOLcklDDynueGKgdxFDkf3L8YFCmPg==",
      "license": "MIT",
      "dependencies": {
        "@stablelib/blockcipher": "^2.0.0",
        "@stablelib/wipe": "^2.0.1"
      }
    },
    "node_modules/@stablelib/gcm": {
      "version": "2.0.1",
      "resolved": "https://registry.npmjs.org/@stablelib/gcm/-/gcm-2.0.1.tgz",
      "integrity": "sha512-M5el8454c3Yy7NTQtDovonFl+e9b7vaNksYfJJErL3fFUGs7AsWF3rSSYSokrbtY3t00ywv+w4WjYh0kcaez/Q==",
      "license": "MIT",
      "dependencies": {
        "@stablelib/aead": "^2.0.0",
        "@stablelib/binary": "^2.0.1",
        "@stablelib/blockcipher": "^2.0.0",
        "@stablelib/constant-time": "^2.0.1",
        "@stablelib/ctr": "^2.0.1",
        "@stablelib/wipe": "^2.0.1"
      }
    },
    "node_modules/@stablelib/int": {
      "version": "2.0.1",
      "resolved": "https://registry.npmjs.org/@stablelib/int/-/int-2.0.1.tgz",
      "integrity": "sha512-Ht63fQp3wz/F8U4AlXEPb7hfJOIILs8Lq55jgtD7KueWtyjhVuzcsGLSTAWtZs3XJDZYdF1WcSKn+kBtbzupww==",
      "license": "MIT"
    },
    "node_modules/@stablelib/random": {
      "version": "2.0.1",
      "resolved": "https://registry.npmjs.org/@stablelib/random/-/random-2.0.1.tgz",
      "integrity": "sha512-W6GAtXEEs7r+dSbuBsvoFmlyL3gLxle41tQkjKu17dDWtDdjhVUbtRfRCQcCUeczwkgjQxMPopgwYEvxXtHXGw==",
      "license": "MIT",
      "dependencies": {
        "@stablelib/binary": "^2.0.1",
        "@stablelib/wipe": "^2.0.1"
      }
    },
    "node_modules/@stablelib/wipe": {
      "version": "2.0.1",
      "resolved": "https://registry.npmjs.org/@stablelib/wipe/-/wipe-2.0.1.tgz",
      "integrity": "sha512-1eU2K9EgOcV4qc9jcP6G72xxZxEm5PfeI5H55l08W95b4oRJaqhmlWRc4xZAm6IVSKhVNxMi66V67hCzzuMTAg==",
      "license": "MIT"
    },
    "node_modules/@types/crypto-js": {
      "version": "4.2.2",
      "resolved": "https://registry.npmjs.org/@types/crypto-js/-/crypto-js-4.2.2.tgz",
      "integrity": "sha512-sDOLlVbHhXpAUAL0YHDUUwDZf3iN4Bwi4W6a0W0b+QcAezUbRtH4FVb+9J4h+XFPW7l/gQ9F8qC7P+Ec4k8QVQ==",
      "dev": true,
      "license": "MIT"
    },
    "node_modules/@types/node": {
      "version": "25.0.2",
      "resolved": "https://registry.npmjs.org/@types/node/-/node-25.0.2.tgz",
      "integrity": "sha512-gWEkeiyYE4vqjON/+Obqcoeffmk0NF15WSBwSs7zwVA2bAbTaE0SJ7P0WNGoJn8uE7fiaV5a7dKYIJriEqOrmA==",
      "dev": true,
      "license": "MIT",
      "dependencies": {
        "undici-types": "~7.16.0"
      }
    },
    "node_modules/crypto-js": {
      "version": "4.2.0",
      "resolved": "https://registry.npmjs.org/crypto-js/-/crypto-js-4.2.0.tgz",
      "integrity": "sha512-KALDyEYgpY+Rlob/iriUtjV6d5Eq+Y191A5g4UqLAi8CyGP9N1+FdVbkc1SxKc2r4YAYqG8JzO2KGL+AizD70Q==",
      "license": "MIT"
    },
    "node_modules/nanoid": {
      "version": "5.1.6",
      "resolved": "https://registry.npmjs.org/nanoid/-/nanoid-5.1.6.tgz",
      "integrity": "sha512-c7+7RQ+dMB5dPwwCp4ee1/iV/q2P6aK1mTZcfr1BTuVlyW9hJYiMPybJCcnBlQtuSmTIWNeazm/zqNoZSSElBg==",
      "funding": [
        {
          "type": "github",
          "url": "https://github.com/sponsors/ai"
        }
      ],
      "license": "MIT",
      "bin": {
        "nanoid": "bin/nanoid.js"
      },
      "engines": {
        "node": "^18 || >=20"
      }
    },
    "node_modules/typescript": {
      "version": "5.9.3",
      "resolved": "https://registry.npmjs.org/typescript/-/typescript-5.9.3.tgz",
      "integrity": "sha512-jl1vZzPDinLr9eUt3J/t7V6FgNEw9QjvBPdysz9KfQDD41fQrC2Y4vKQdiaUpFT4bXlb1RHhLpp8wtm6M5TgSw==",
      "dev": true,
      "license": "Apache-2.0",
      "bin": {
        "tsc": "bin/tsc",
        "tsserver": "bin/tsserver"
      },
      "engines": {
        "node": ">=14.17"
      }
    },
    "node_modules/undici-types": {
      "version": "7.16.0",
      "resolved": "https://registry.npmjs.org/undici-types/-/undici-types-7.16.0.tgz",
      "integrity": "sha512-Zz+aZWSj8LE6zoxD+xrjh4VfkIG8Ya6LvYkZqtUQGJPZjYl53ypCaUwWqo7eI0x66KBGeRo+mlBEkMSeSZ38Nw==",
      "dev": true,
      "license": "MIT"
    }
  }
}
