{
  "name": "@thezelijah/majik-blob",
  "version": "1.0.0",
  "lockfileVersion": 3,
  "requires": true,
  "packages": {
    "": {
      "name": "@thezelijah/majik-blob",
      "version": "1.0.0",
      "license": "ISC",
      "dependencies": {
        "crypto-js": "^4.2.0",
        "fernet": "^0.3.3",
        "nanoid": "^5.1.6"
      },
      "devDependencies": {
        "@types/fernet": "^0.4.3",
        "@types/node": "^25.0.2",
        "typescript": "^5.9.3"
      }
    },
    "node_modules/@types/crypto-js": {
      "version": "4.2.2",
      "resolved": "https://registry.npmjs.org/@types/crypto-js/-/crypto-js-4.2.2.tgz",
      "integrity": "sha512-sDOLlVbHhXpAUAL0YHDUUwDZf3iN4Bwi4W6a0W0b+QcAezUbRtH4FVb+9J4h+XFPW7l/gQ9F8qC7P+Ec4k8QVQ==",
      "dev": true,
      "license": "MIT"
    },
    "node_modules/@types/fernet": {
      "version": "0.4.3",
      "resolved": "https://registry.npmjs.org/@types/fernet/-/fernet-0.4.3.tgz",
      "integrity": "sha512-2D6ncaTep6D+5k0oE+/lDFrgVvT4JZt8JUxXjO0W6dhWu9mOeNL9kqPwDivfQMCLh4PMHaVVOV6bsLRITZOkSA==",
      "dev": true,
      "license": "MIT",
      "dependencies": {
        "@types/crypto-js": "*"
      }
    },
    "node_modules/@types/node": {
      "version": "25.0.2",
      "resolved": "https://registry.npmjs.org/@types/node/-/node-25.0.2.tgz",
      "integrity": "sha512-gWEkeiyYE4vqjON/+Obqcoeffmk0NF15WSBwSs7zwVA2bAbTaE0SJ7P0WNGoJn8uE7fiaV5a7dKYIJriEqOrmA==",
      "dev": true,
      "license": "MIT",
      "dependencies": {
        "undici-types": "~7.16.0"
      }
    },
    "node_modules/crypto-js": {
      "version": "4.2.0",
      "resolved": "https://registry.npmjs.org/crypto-js/-/crypto-js-4.2.0.tgz",
      "integrity": "sha512-KALDyEYgpY+Rlob/iriUtjV6d5Eq+Y191A5g4UqLAi8CyGP9N1+FdVbkc1SxKc2r4YAYqG8JzO2KGL+AizD70Q==",
      "license": "MIT"
    },
    "node_modules/fernet": {
      "version": "0.3.3",
      "resolved": "https://registry.npmjs.org/fernet/-/fernet-0.3.3.tgz",
      "integrity": "sha512-DvvqouVhv3VCor83wkQbSycekYUKDRQ1IKqcInaF5n5BSKgWBVfYLbSf7RRxojwQO0DZySiz5MlM2vO4MG3SUg==",
      "license": "MIT",
      "dependencies": {
        "crypto-js": "~4.2.0",
        "urlsafe-base64": "1.0.0"
      }
    },
    "node_modules/nanoid": {
      "version": "5.1.6",
      "resolved": "https://registry.npmjs.org/nanoid/-/nanoid-5.1.6.tgz",
      "integrity": "sha512-c7+7RQ+dMB5dPwwCp4ee1/iV/q2P6aK1mTZcfr1BTuVlyW9hJYiMPybJCcnBlQtuSmTIWNeazm/zqNoZSSElBg==",
      "funding": [
        {
          "type": "github",
          "url": "https://github.com/sponsors/ai"
        }
      ],
      "license": "MIT",
      "bin": {
        "nanoid": "bin/nanoid.js"
      },
      "engines": {
        "node": "^18 || >=20"
      }
    },
    "node_modules/typescript": {
      "version": "5.9.3",
      "resolved": "https://registry.npmjs.org/typescript/-/typescript-5.9.3.tgz",
      "integrity": "sha512-jl1vZzPDinLr9eUt3J/t7V6FgNEw9QjvBPdysz9KfQDD41fQrC2Y4vKQdiaUpFT4bXlb1RHhLpp8wtm6M5TgSw==",
      "dev": true,
      "license": "Apache-2.0",
      "bin": {
        "tsc": "bin/tsc",
        "tsserver": "bin/tsserver"
      },
      "engines": {
        "node": ">=14.17"
      }
    },
    "node_modules/undici-types": {
      "version": "7.16.0",
      "resolved": "https://registry.npmjs.org/undici-types/-/undici-types-7.16.0.tgz",
      "integrity": "sha512-Zz+aZWSj8LE6zoxD+xrjh4VfkIG8Ya6LvYkZqtUQGJPZjYl53ypCaUwWqo7eI0x66KBGeRo+mlBEkMSeSZ38Nw==",
      "dev": true,
      "license": "MIT"
    },
    "node_modules/urlsafe-base64": {
      "version": "1.0.0",
      "resolved": "https://registry.npmjs.org/urlsafe-base64/-/urlsafe-base64-1.0.0.tgz",
      "integrity": "sha512-RtuPeMy7c1UrHwproMZN9gN6kiZ0SvJwRaEzwZY0j9MypEkFqyBaKv176jvlPtg58Zh36bOkS0NFABXMHvvGCA=="
    }
  }
}
